
Microsoft Visual Studio Solution File, Format Version 12.00
# Visual Studio 15
VisualStudioVersion = 15.0.27428.2043
MinimumVisualStudioVersion = 10.0.40219.1
Project("{2150E333-8FDC-42A3-9474-1A3956D46DE8}") = "1_Presentation", "1_Presentation", "{B8CC7ACA-5E4A-4D2D-B3D3-EBA61125B150}"
EndProject
Project("{2150E333-8FDC-42A3-9474-1A3956D46DE8}") = "2_Services", "2_Services", "{EA053376-3DDB-46E5-87FB-0C8A4F04A9F4}"
EndProject
Project("{2150E333-8FDC-42A3-9474-1A3956D46DE8}") = "3_Application", "3_Application", "{3C4831F0-2F8D-41DD-B4D9-6DC729C822A3}"
EndProject
Project("{2150E333-8FDC-42A3-9474-1A3956D46DE8}") = "4_Domain", "4_Domain", "{ABAF43B8-B4C1-4F0E-A76F-3B9A0EED2486}"
EndProject
Project("{2150E333-8FDC-42A3-9474-1A3956D46DE8}") = "5_Intra", "5_Intra", "{F996B758-B18B-45AF-9E3F-6F1452FC8CCF}"
EndProject
Project("{2150E333-8FDC-42A3-9474-1A3956D46DE8}") = "5.1_Data", "5.1_Data", "{3C25E4A5-6168-4424-8B38-4AA0723BA269}"
EndProject
Project("{2150E333-8FDC-42A3-9474-1A3956D46DE8}") = "5.2_CrossCutting", "5.2_CrossCutting", "{5E17AF8B-8406-4078-A786-61CA2F8C5EB2}"
EndProject
Global
	GlobalSection(SolutionProperties) = preSolution
		HideSolutionNode = FALSE
	EndGlobalSection
	GlobalSection(NestedProjects) = preSolution
		{3C25E4A5-6168-4424-8B38-4AA0723BA269} = {F996B758-B18B-45AF-9E3F-6F1452FC8CCF}
		{5E17AF8B-8406-4078-A786-61CA2F8C5EB2} = {F996B758-B18B-45AF-9E3F-6F1452FC8CCF}
	EndGlobalSection
	GlobalSection(ExtensibilityGlobals) = postSolution
		SolutionGuid = {4C267450-1F14-4843-98EA-D092AEF4ED3A}
	EndGlobalSection
EndGlobal
