
Microsoft Visual Studio Solution File, Format Version 12.00
# Visual Studio 15
VisualStudioVersion = 15.0.27428.2005
MinimumVisualStudioVersion = 10.0.40219.1
Project("{FAE04EC0-301F-11D3-BF4B-00C04F79EFBC}") = "MVCCoreData", "MVCCoreData\MVCCoreData.csproj", "{FB51D79C-4F39-47C1-83C4-9BD4BF2F3C8A}"
EndProject
Global
	GlobalSection(SolutionConfigurationPlatforms) = preSolution
		Debug|Any CPU = Debug|Any CPU
		Release|Any CPU = Release|Any CPU
	EndGlobalSection
	GlobalSection(ProjectConfigurationPlatforms) = postSolution
		{FB51D79C-4F39-47C1-83C4-9BD4BF2F3C8A}.Debug|Any CPU.ActiveCfg = Debug|Any CPU
		{FB51D79C-4F39-47C1-83C4-9BD4BF2F3C8A}.Debug|Any CPU.Build.0 = Debug|Any CPU
		{FB51D79C-4F39-47C1-83C4-9BD4BF2F3C8A}.Release|Any CPU.ActiveCfg = Release|Any CPU
		{FB51D79C-4F39-47C1-83C4-9BD4BF2F3C8A}.Release|Any CPU.Build.0 = Release|Any CPU
	EndGlobalSection
	GlobalSection(SolutionProperties) = preSolution
		HideSolutionNode = FALSE
	EndGlobalSection
	GlobalSection(ExtensibilityGlobals) = postSolution
		SolutionGuid = {D1C6C630-2E04-4230-83C8-ACF9C54B9262}
	EndGlobalSection
EndGlobal
